{
  "name": "MFE-MODULE-FEDERATION",
  "lockfileVersion": 3,
  "requires": true,
  "packages": {
    "": {
      "dependencies": {
        "@ngrx/effects": "^17.2.0",
        "@ngrx/router-store": "^17.2.0",
        "@ngrx/store": "^17.2.0"
      }
    },
    "node_modules/@angular/common": {
      "version": "17.3.10",
      "resolved": "https://registry.npmjs.org/@angular/common/-/common-17.3.10.tgz",
      "integrity": "sha512-6SfD21M3LujymmZsZQIxAsV8Bj5u6He6ImZ+p2rr7FAhFxpVJyKldK8LCmJcFsBD4srpQcxEZ0iDxXvg+0ihAw==",
      "peer": true,
      "dependencies": {
        "tslib": "^2.3.0"
      },
      "engines": {
        "node": "^18.13.0 || >=20.9.0"
      },
      "peerDependencies": {
        "@angular/core": "17.3.10",
        "rxjs": "^6.5.3 || ^7.4.0"
      }
    },
    "node_modules/@angular/core": {
      "version": "17.3.10",
      "resolved": "https://registry.npmjs.org/@angular/core/-/core-17.3.10.tgz",
      "integrity": "sha512-ocEKu7X0yFCOvgJn1uZy76qjhsjKvULrO1k/BuIX0nwhp61DTGYTvCqKmwCBLM8/gvcKYH5vMKMHoQKtiSGE0A==",
      "peer": true,
      "dependencies": {
        "tslib": "^2.3.0"
      },
      "engines": {
        "node": "^18.13.0 || >=20.9.0"
      },
      "peerDependencies": {
        "rxjs": "^6.5.3 || ^7.4.0",
        "zone.js": "~0.14.0"
      }
    },
    "node_modules/@angular/platform-browser": {
      "version": "17.3.10",
      "resolved": "https://registry.npmjs.org/@angular/platform-browser/-/platform-browser-17.3.10.tgz",
      "integrity": "sha512-LEhBDOKm2A7nRmZqsafVp6OinRDG1OYZBSqjnT1jZ+f0CRRFIXz6aJ0TMPoU6vq9SLRJ7vrGD9P/eBf2hW00NQ==",
      "peer": true,
      "dependencies": {
        "tslib": "^2.3.0"
      },
      "engines": {
        "node": "^18.13.0 || >=20.9.0"
      },
      "peerDependencies": {
        "@angular/animations": "17.3.10",
        "@angular/common": "17.3.10",
        "@angular/core": "17.3.10"
      },
      "peerDependenciesMeta": {
        "@angular/animations": {
          "optional": true
        }
      }
    },
    "node_modules/@angular/router": {
      "version": "17.3.10",
      "resolved": "https://registry.npmjs.org/@angular/router/-/router-17.3.10.tgz",
      "integrity": "sha512-HlZlR9BOLoEKGOSMjmL5EfYL7F7PeDifbFi0dYWNcrG8zFrVKFklB1cuBdJhfPZgYhDEoGms/EToD71tg5wliA==",
      "peer": true,
      "dependencies": {
        "tslib": "^2.3.0"
      },
      "engines": {
        "node": "^18.13.0 || >=20.9.0"
      },
      "peerDependencies": {
        "@angular/common": "17.3.10",
        "@angular/core": "17.3.10",
        "@angular/platform-browser": "17.3.10",
        "rxjs": "^6.5.3 || ^7.4.0"
      }
    },
    "node_modules/@ngrx/effects": {
      "version": "17.2.0",
      "resolved": "https://registry.npmjs.org/@ngrx/effects/-/effects-17.2.0.tgz",
      "integrity": "sha512-tXDJNsuBtbvI/7+vYnkDKKpUvLbopw1U5G6LoPnKNrbTPsPcUGmCqF5Su/ZoRN3BhXjt2j+eoeVdpBkxdxMRgg==",
      "dependencies": {
        "@ngrx/operators": "17.0.0-beta.0",
        "tslib": "^2.0.0"
      },
      "peerDependencies": {
        "@angular/core": "^17.0.0",
        "@ngrx/store": "17.2.0",
        "rxjs": "^6.5.3 || ^7.5.0"
      }
    },
    "node_modules/@ngrx/operators": {
      "version": "17.0.0-beta.0",
      "resolved": "https://registry.npmjs.org/@ngrx/operators/-/operators-17.0.0-beta.0.tgz",
      "integrity": "sha512-EbO8AONuQ6zo2v/mPyBOi4y0CTAp1x4Z+bx7ZF+Pd8BL5ma53BTCL1TmzaeK5zPUe0yApudLk9/ZbHXPnVox5A==",
      "dependencies": {
        "tslib": "^2.3.0"
      },
      "peerDependencies": {
        "rxjs": "^6.5.3 || ^7.4.0"
      }
    },
    "node_modules/@ngrx/router-store": {
      "version": "17.2.0",
      "resolved": "https://registry.npmjs.org/@ngrx/router-store/-/router-store-17.2.0.tgz",
      "integrity": "sha512-Vynfg2xsB57Oedf0Bb6mjC4MIeaF2OtAewsSnppGIM2b8pwL5W89r2+q2SGc2D6Mp3/pZF3HRI6NxhnHWJdYmg==",
      "dependencies": {
        "tslib": "^2.0.0"
      },
      "peerDependencies": {
        "@angular/common": "^17.0.0",
        "@angular/core": "^17.0.0",
        "@angular/router": "^17.0.0",
        "@ngrx/store": "17.2.0",
        "rxjs": "^6.5.3 || ^7.5.0"
      }
    },
    "node_modules/@ngrx/store": {
      "version": "17.2.0",
      "resolved": "https://registry.npmjs.org/@ngrx/store/-/store-17.2.0.tgz",
      "integrity": "sha512-7wKgZ59B/6yQSvvsU0DQXipDqpkAXv7LwcXLD5Ww7nvqN0fQoRPThMh4+Wv55DCJhE0bQc1NEMciLA47uRt7Wg==",
      "dependencies": {
        "tslib": "^2.0.0"
      },
      "peerDependencies": {
        "@angular/core": "^17.0.0",
        "rxjs": "^6.5.3 || ^7.5.0"
      }
    },
    "node_modules/rxjs": {
      "version": "7.8.1",
      "resolved": "https://registry.npmjs.org/rxjs/-/rxjs-7.8.1.tgz",
      "integrity": "sha512-AA3TVj+0A2iuIoQkWEK/tqFjBq2j+6PO6Y0zJcvzLAFhEFIO3HL0vls9hWLncZbAAbK0mar7oZ4V079I/qPMxg==",
      "peer": true,
      "dependencies": {
        "tslib": "^2.1.0"
      }
    },
    "node_modules/tslib": {
      "version": "2.6.2",
      "resolved": "https://registry.npmjs.org/tslib/-/tslib-2.6.2.tgz",
      "integrity": "sha512-AEYxH93jGFPn/a2iVAwW87VuUIkR1FVUKB77NwMF7nBTDkDrrT/Hpt/IrCJ0QXhW27jTBDcf5ZY7w6RiqTMw2Q=="
    },
    "node_modules/zone.js": {
      "version": "0.14.6",
      "resolved": "https://registry.npmjs.org/zone.js/-/zone.js-0.14.6.tgz",
      "integrity": "sha512-vyRNFqofdaHVdWAy7v3Bzmn84a1JHWSjpuTZROT/uYn8I3p2cmo7Ro9twFmYRQDPhiYOV7QLk0hhY4JJQVqS6Q==",
      "peer": true
    }
  }
}
